
Microsoft Visual Studio Solution File, Format Version 12.00
# Visual Studio 2012
Project("{FAE04EC0-301F-11D3-BF4B-00C04F79EFBC}") = "QRCodeGenerator", "QRCodeGenerator\QRCodeGenerator.csproj", "{655DEF1D-A1EA-415A-860D-977C79DC190D}"
EndProject
Global
	GlobalSection(SolutionConfigurationPlatforms) = preSolution
		Debug|iPhoneSimulator = Debug|iPhoneSimulator
		Release|iPhone = Release|iPhone
		Release|iPhoneSimulator = Release|iPhoneSimulator
		Debug|iPhone = Debug|iPhone
	EndGlobalSection
	GlobalSection(ProjectConfigurationPlatforms) = postSolution
		{655DEF1D-A1EA-415A-860D-977C79DC190D}.Debug|iPhoneSimulator.ActiveCfg = Debug|iPhoneSimulator
		{655DEF1D-A1EA-415A-860D-977C79DC190D}.Debug|iPhoneSimulator.Build.0 = Debug|iPhoneSimulator
		{655DEF1D-A1EA-415A-860D-977C79DC190D}.Release|iPhone.ActiveCfg = Release|iPhone
		{655DEF1D-A1EA-415A-860D-977C79DC190D}.Release|iPhone.Build.0 = Release|iPhone
		{655DEF1D-A1EA-415A-860D-977C79DC190D}.Release|iPhoneSimulator.ActiveCfg = Release|iPhoneSimulator
		{655DEF1D-A1EA-415A-860D-977C79DC190D}.Release|iPhoneSimulator.Build.0 = Release|iPhoneSimulator
		{655DEF1D-A1EA-415A-860D-977C79DC190D}.Debug|iPhone.ActiveCfg = Debug|iPhone
		{655DEF1D-A1EA-415A-860D-977C79DC190D}.Debug|iPhone.Build.0 = Debug|iPhone
	EndGlobalSection
EndGlobal
